
Microsoft Visual Studio Solution File, Format Version 12.00
# Visual Studio Version 16
VisualStudioVersion = 16.0.30717.126
MinimumVisualStudioVersion = 10.0.40219.1
Project("{FAE04EC0-301F-11D3-BF4B-00C04F79EFBC}") = "API", "API\API.csproj", "{1496F904-9000-4E85-85C5-3540D1E4692A}"
EndProject
Global
	GlobalSection(SolutionConfigurationPlatforms) = preSolution
		Debug|Any CPU = Debug|Any CPU
		Release|Any CPU = Release|Any CPU
	EndGlobalSection
	GlobalSection(ProjectConfigurationPlatforms) = postSolution
		{1496F904-9000-4E85-85C5-3540D1E4692A}.Debug|Any CPU.ActiveCfg = Debug|Any CPU
		{1496F904-9000-4E85-85C5-3540D1E4692A}.Debug|Any CPU.Build.0 = Debug|Any CPU
		{1496F904-9000-4E85-85C5-3540D1E4692A}.Release|Any CPU.ActiveCfg = Release|Any CPU
		{1496F904-9000-4E85-85C5-3540D1E4692A}.Release|Any CPU.Build.0 = Release|Any CPU
	EndGlobalSection
	GlobalSection(SolutionProperties) = preSolution
		HideSolutionNode = FALSE
	EndGlobalSection
	GlobalSection(ExtensibilityGlobals) = postSolution
		SolutionGuid = {990FC2BC-6738-410C-BE60-FE944AA0A92F}
	EndGlobalSection
EndGlobal
